
Microsoft Visual Studio Solution File, Format Version 12.00
# Visual Studio 14
VisualStudioVersion = 14.0.25420.1
MinimumVisualStudioVersion = 10.0.40219.1
Project("{FAE04EC0-301F-11D3-BF4B-00C04F79EFBC}") = "01.ReverseNumbersWithStack", "01.ReverseNumbersWithStack\01.ReverseNumbersWithStack.csproj", "{0C419968-132B-4D6C-83EA-C4F8A147469F}"
EndProject
Project("{FAE04EC0-301F-11D3-BF4B-00C04F79EFBC}") = "02.BasicStackOperations", "02.BasicStackOperations\02.BasicStackOperations.csproj", "{4FEA5F28-F58F-4E74-9BA2-12B8607FDCF2}"
EndProject
Project("{FAE04EC0-301F-11D3-BF4B-00C04F79EFBC}") = "03.MaximumElement", "03.MaximumElement\03.MaximumElement.csproj", "{08DB6004-3135-40F0-86F8-AAE3A95A930D}"
EndProject
Project("{FAE04EC0-301F-11D3-BF4B-00C04F79EFBC}") = "04.BasicQueueOperations", "04.BasicQueueOperations\04.BasicQueueOperations.csproj", "{905E7819-F4DB-4AC7-BCBE-9D919107ABB3}"
EndProject
Project("{FAE04EC0-301F-11D3-BF4B-00C04F79EFBC}") = "05.SequenceWithQueue", "05.SequenceWithQueue\05.SequenceWithQueue.csproj", "{4679DDC4-5557-4C2D-908A-692F67043CED}"
EndProject
Project("{FAE04EC0-301F-11D3-BF4B-00C04F79EFBC}") = "06.TruckTour", "06.TruckTour\06.TruckTour.csproj", "{52C464C9-8DE9-4104-96C9-361279548E74}"
EndProject
Project("{FAE04EC0-301F-11D3-BF4B-00C04F79EFBC}") = "07.BalancedParentheses", "07.BalancedParentheses\07.BalancedParentheses.csproj", "{D22BC3B7-8137-4417-BC07-3F9E541F02CE}"
EndProject
Project("{FAE04EC0-301F-11D3-BF4B-00C04F79EFBC}") = "08.RecursiveFibonacci", "08.RecursiveFibonacci\08.RecursiveFibonacci.csproj", "{9186FA96-A906-40FD-BE10-46D98F1A0684}"
EndProject
Project("{FAE04EC0-301F-11D3-BF4B-00C04F79EFBC}") = "09.StackFibonacci", "09.StackFibonacci\09.StackFibonacci.csproj", "{3FEAD031-7577-487F-A11F-4C2A00DC22CF}"
EndProject
Project("{FAE04EC0-301F-11D3-BF4B-00C04F79EFBC}") = "10.SimpleTextEditor", "10.SimpleTextEditor\10.SimpleTextEditor.csproj", "{C8387DB0-DCB5-443F-B8FC-E5692CF1F25B}"
EndProject
Project("{FAE04EC0-301F-11D3-BF4B-00C04F79EFBC}") = "11.PoisonousPlants", "11.PoisonousPlants\11.PoisonousPlants.csproj", "{D2351418-9A59-4F8E-8B5F-34EDC106E730}"
EndProject
Project("{FAE04EC0-301F-11D3-BF4B-00C04F79EFBC}") = "11.WithQueueOrStack", "11.WithQueueOrStack\11.WithQueueOrStack.csproj", "{5EECBACF-0117-45FE-9746-CE93582E587C}"
EndProject
Global
	GlobalSection(SolutionConfigurationPlatforms) = preSolution
		Debug|Any CPU = Debug|Any CPU
		Release|Any CPU = Release|Any CPU
	EndGlobalSection
	GlobalSection(ProjectConfigurationPlatforms) = postSolution
		{0C419968-132B-4D6C-83EA-C4F8A147469F}.Debug|Any CPU.ActiveCfg = Debug|Any CPU
		{0C419968-132B-4D6C-83EA-C4F8A147469F}.Debug|Any CPU.Build.0 = Debug|Any CPU
		{0C419968-132B-4D6C-83EA-C4F8A147469F}.Release|Any CPU.ActiveCfg = Release|Any CPU
		{0C419968-132B-4D6C-83EA-C4F8A147469F}.Release|Any CPU.Build.0 = Release|Any CPU
		{4FEA5F28-F58F-4E74-9BA2-12B8607FDCF2}.Debug|Any CPU.ActiveCfg = Debug|Any CPU
		{4FEA5F28-F58F-4E74-9BA2-12B8607FDCF2}.Debug|Any CPU.Build.0 = Debug|Any CPU
		{4FEA5F28-F58F-4E74-9BA2-12B8607FDCF2}.Release|Any CPU.ActiveCfg = Release|Any CPU
		{4FEA5F28-F58F-4E74-9BA2-12B8607FDCF2}.Release|Any CPU.Build.0 = Release|Any CPU
		{08DB6004-3135-40F0-86F8-AAE3A95A930D}.Debug|Any CPU.ActiveCfg = Debug|Any CPU
		{08DB6004-3135-40F0-86F8-AAE3A95A930D}.Debug|Any CPU.Build.0 = Debug|Any CPU
		{08DB6004-3135-40F0-86F8-AAE3A95A930D}.Release|Any CPU.ActiveCfg = Release|Any CPU
		{08DB6004-3135-40F0-86F8-AAE3A95A930D}.Release|Any CPU.Build.0 = Release|Any CPU
		{905E7819-F4DB-4AC7-BCBE-9D919107ABB3}.Debug|Any CPU.ActiveCfg = Debug|Any CPU
		{905E7819-F4DB-4AC7-BCBE-9D919107ABB3}.Debug|Any CPU.Build.0 = Debug|Any CPU
		{905E7819-F4DB-4AC7-BCBE-9D919107ABB3}.Release|Any CPU.ActiveCfg = Release|Any CPU
		{905E7819-F4DB-4AC7-BCBE-9D919107ABB3}.Release|Any CPU.Build.0 = Release|Any CPU
		{4679DDC4-5557-4C2D-908A-692F67043CED}.Debug|Any CPU.ActiveCfg = Debug|Any CPU
		{4679DDC4-5557-4C2D-908A-692F67043CED}.Debug|Any CPU.Build.0 = Debug|Any CPU
		{4679DDC4-5557-4C2D-908A-692F67043CED}.Release|Any CPU.ActiveCfg = Release|Any CPU
		{4679DDC4-5557-4C2D-908A-692F67043CED}.Release|Any CPU.Build.0 = Release|Any CPU
		{52C464C9-8DE9-4104-96C9-361279548E74}.Debug|Any CPU.ActiveCfg = Debug|Any CPU
		{52C464C9-8DE9-4104-96C9-361279548E74}.Debug|Any CPU.Build.0 = Debug|Any CPU
		{52C464C9-8DE9-4104-96C9-361279548E74}.Release|Any CPU.ActiveCfg = Release|Any CPU
		{52C464C9-8DE9-4104-96C9-361279548E74}.Release|Any CPU.Build.0 = Release|Any CPU
		{D22BC3B7-8137-4417-BC07-3F9E541F02CE}.Debug|Any CPU.ActiveCfg = Debug|Any CPU
		{D22BC3B7-8137-4417-BC07-3F9E541F02CE}.Debug|Any CPU.Build.0 = Debug|Any CPU
		{D22BC3B7-8137-4417-BC07-3F9E541F02CE}.Release|Any CPU.ActiveCfg = Release|Any CPU
		{D22BC3B7-8137-4417-BC07-3F9E541F02CE}.Release|Any CPU.Build.0 = Release|Any CPU
		{9186FA96-A906-40FD-BE10-46D98F1A0684}.Debug|Any CPU.ActiveCfg = Debug|Any CPU
		{9186FA96-A906-40FD-BE10-46D98F1A0684}.Debug|Any CPU.Build.0 = Debug|Any CPU
		{9186FA96-A906-40FD-BE10-46D98F1A0684}.Release|Any CPU.ActiveCfg = Release|Any CPU
		{9186FA96-A906-40FD-BE10-46D98F1A0684}.Release|Any CPU.Build.0 = Release|Any CPU
		{3FEAD031-7577-487F-A11F-4C2A00DC22CF}.Debug|Any CPU.ActiveCfg = Debug|Any CPU
		{3FEAD031-7577-487F-A11F-4C2A00DC22CF}.Debug|Any CPU.Build.0 = Debug|Any CPU
		{3FEAD031-7577-487F-A11F-4C2A00DC22CF}.Release|Any CPU.ActiveCfg = Release|Any CPU
		{3FEAD031-7577-487F-A11F-4C2A00DC22CF}.Release|Any CPU.Build.0 = Release|Any CPU
		{C8387DB0-DCB5-443F-B8FC-E5692CF1F25B}.Debug|Any CPU.ActiveCfg = Debug|Any CPU
		{C8387DB0-DCB5-443F-B8FC-E5692CF1F25B}.Debug|Any CPU.Build.0 = Debug|Any CPU
		{C8387DB0-DCB5-443F-B8FC-E5692CF1F25B}.Release|Any CPU.ActiveCfg = Release|Any CPU
		{C8387DB0-DCB5-443F-B8FC-E5692CF1F25B}.Release|Any CPU.Build.0 = Release|Any CPU
		{D2351418-9A59-4F8E-8B5F-34EDC106E730}.Debug|Any CPU.ActiveCfg = Debug|Any CPU
		{D2351418-9A59-4F8E-8B5F-34EDC106E730}.Debug|Any CPU.Build.0 = Debug|Any CPU
		{D2351418-9A59-4F8E-8B5F-34EDC106E730}.Release|Any CPU.ActiveCfg = Release|Any CPU
		{D2351418-9A59-4F8E-8B5F-34EDC106E730}.Release|Any CPU.Build.0 = Release|Any CPU
		{5EECBACF-0117-45FE-9746-CE93582E587C}.Debug|Any CPU.ActiveCfg = Debug|Any CPU
		{5EECBACF-0117-45FE-9746-CE93582E587C}.Debug|Any CPU.Build.0 = Debug|Any CPU
		{5EECBACF-0117-45FE-9746-CE93582E587C}.Release|Any CPU.ActiveCfg = Release|Any CPU
		{5EECBACF-0117-45FE-9746-CE93582E587C}.Release|Any CPU.Build.0 = Release|Any CPU
	EndGlobalSection
	GlobalSection(SolutionProperties) = preSolution
		HideSolutionNode = FALSE
	EndGlobalSection
EndGlobal
